PODS:
  - iOSSnapshotTestCase (6.2.0):
    - iOSSnapshotTestCase/SwiftSupport (= 6.2.0)
  - iOSSnapshotTestCase/Core (6.2.0)
  - iOSSnapshotTestCase/SwiftSupport (6.2.0):
    - iOSSnapshotTestCase/Core
  - WLEmptyState (3.1.0)

DEPENDENCIES:
  - iOSSnapshotTestCase
  - WLEmptyState (from `../`)

SPEC REPOS:
  trunk:
    - iOSSnapshotTestCase

EXTERNAL SOURCES:
  WLEmptyState:
    :path: "../"

SPEC CHECKSUMS:
  iOSSnapshotTestCase: 9ab44cb5aa62b84d31847f40680112e15ec579a6
  WLEmptyState: fcb86b1c22ea85558c8ddb8433fbce245da7088c

PODFILE CHECKSUM: ad1d28bf7e2a760d41cb680f1f9fef030316ec0b

COCOAPODS: 1.8.4
